// !$*UTF8*$!
{
	archiveVersion = 1;
	classes = {
	};
	objectVersion = 56;
	objects = {

/* Begin PBXBuildFile section */
		436CB27028CF929500F22EE9 /* PixelBufferDuplicator.swift in Sources */ = {isa = PBXBuildFile; fileRef = 436CB26F28CF929500F22EE9 /* PixelBufferDuplicator.swift */; };
		4386874928CF870B001CE91C /* ReplayKit.framework in Frameworks */ = {isa = PBXBuildFile; fileRef = 4386874828CF870B001CE91C /* ReplayKit.framework */; };
		4386874C28CF870B001CE91C /* SampleHandler.swift in Sources */ = {isa = PBXBuildFile; fileRef = 4386874B28CF870B001CE91C /* SampleHandler.swift */; };
		4386875028CF870B001CE91C /* broadcast-upload.appex in Embed Foundation Extensions */ = {isa = PBXBuildFile; fileRef = 4386874728CF870B001CE91C /* broadcast-upload.appex */; settings = {ATTRIBUTES = (RemoveHeadersOnCopy, ); }; };
		4386875628CF871B001CE91C /* NDI in Frameworks */ = {isa = PBXBuildFile; productRef = 4386875528CF871B001CE91C /* NDI */; };
		43BA47AD28CF3127009B6E1C /* NDIApp.swift in Sources */ = {isa = PBXBuildFile; fileRef = 43BA47AC28CF3127009B6E1C /* NDIApp.swift */; };
		43BA47AF28CF3127009B6E1C /* ContentView.swift in Sources */ = {isa = PBXBuildFile; fileRef = 43BA47AE28CF3127009B6E1C /* ContentView.swift */; };
		43BA47B128CF3128009B6E1C /* Assets.xcassets in Resources */ = {isa = PBXBuildFile; fileRef = 43BA47B028CF3128009B6E1C /* Assets.xcassets */; };
		43BA47B428CF3128009B6E1C /* Preview Assets.xcassets in Resources */ = {isa = PBXBuildFile; fileRef = 43BA47B328CF3128009B6E1C /* Preview Assets.xcassets */; };
/* End PBXBuildFile section */

/* Begin PBXContainerItemProxy section */
		4386874E28CF870B001CE91C /* PBXContainerItemProxy */ = {
			isa = PBXContainerItemProxy;
			containerPortal = 43BA47A128CF3127009B6E1C /* Project object */;
			proxyType = 1;
			remoteGlobalIDString = 4386874628CF870B001CE91C;
			remoteInfo = "broadcast-upload";
		};
/* End PBXContainerItemProxy section */

/* Begin PBXCopyFilesBuildPhase section */
		4386875128CF870B001CE91C /* Embed Foundation Extensions */ = {
			isa = PBXCopyFilesBuildPhase;
			buildActionMask = 2147483647;
			dstPath = "";
			dstSubfolderSpec = 13;
			files = (
				4386875028CF870B001CE91C /* broadcast-upload.appex in Embed Foundation Extensions */,
			);
			name = "Embed Foundation Extensions";
			runOnlyForDeploymentPostprocessing = 0;
		};
/* End PBXCopyFilesBuildPhase section */

/* Begin PBXFileReference section */
		43288E8E28CF32F600C75188 /* Packages */ = {isa = PBXFileReference; lastKnownFileType = wrapper; path = Packages; sourceTree = "<group>"; };
		435CBADC28CF5A150092FFD9 /* libndi_ios.a */ = {isa = PBXFileReference; lastKnownFileType = archive.ar; name = libndi_ios.a; path = Packages/Sources/libndi/libndi_ios.a; sourceTree = "<group>"; };
		436CB26F28CF929500F22EE9 /* PixelBufferDuplicator.swift */ = {isa = PBXFileReference; fileEncoding = 4; lastKnownFileType = sourcecode.swift; path = PixelBufferDuplicator.swift; sourceTree = "<group>"; };
		4370BFCE28CF5C5C001E2A24 /* libndi_ios.a */ = {isa = PBXFileReference; lastKnownFileType = archive.ar; name = libndi_ios.a; path = Packages/Sources/libndi_ios/libndi_ios.a; sourceTree = "<group>"; };
		4386874728CF870B001CE91C /* broadcast-upload.appex */ = {isa = PBXFileReference; explicitFileType = "wrapper.app-extension"; includeInIndex = 0; path = "broadcast-upload.appex"; sourceTree = BUILT_PRODUCTS_DIR; };
		4386874828CF870B001CE91C /* ReplayKit.framework */ = {isa = PBXFileReference; lastKnownFileType = wrapper.framework; name = ReplayKit.framework; path = System/Library/Frameworks/ReplayKit.framework; sourceTree = SDKROOT; };
		4386874B28CF870B001CE91C /* SampleHandler.swift */ = {isa = PBXFileReference; lastKnownFileType = sourcecode.swift; path = SampleHandler.swift; sourceTree = "<group>"; };
		4386874D28CF870B001CE91C /* Info.plist */ = {isa = PBXFileReference; lastKnownFileType = text.plist.xml; path = Info.plist; sourceTree = "<group>"; };
		43BA47A928CF3127009B6E1C /* NDIApp.app */ = {isa = PBXFileReference; explicitFileType = wrapper.application; includeInIndex = 0; path = NDIApp.app; sourceTree = BUILT_PRODUCTS_DIR; };
		43BA47AC28CF3127009B6E1C /* NDIApp.swift */ = {isa = PBXFileReference; lastKnownFileType = sourcecode.swift; path = NDIApp.swift; sourceTree = "<group>"; };
		43BA47AE28CF3127009B6E1C /* ContentView.swift */ = {isa = PBXFileReference; lastKnownFileType = sourcecode.swift; path = ContentView.swift; sourceTree = "<group>"; };
		43BA47B028CF3128009B6E1C /* Assets.xcassets */ = {isa = PBXFileReference; lastKnownFileType = folder.assetcatalog; path = Assets.xcassets; sourceTree = "<group>"; };
		43BA47B328CF3128009B6E1C /* Preview Assets.xcassets */ = {isa = PBXFileReference; lastKnownFileType = folder.assetcatalog; path = "Preview Assets.xcassets"; sourceTree = "<group>"; };
/* End PBXFileReference section */

/* Begin PBXFrameworksBuildPhase section */
		4386874428CF870B001CE91C /* Frameworks */ = {
			isa = PBXFrameworksBuildPhase;
			buildActionMask = 2147483647;
			files = (
				4386875628CF871B001CE91C /* NDI in Frameworks */,
				4386874928CF870B001CE91C /* ReplayKit.framework in Frameworks */,
			);
			runOnlyForDeploymentPostprocessing = 0;
		};
		43BA47A628CF3127009B6E1C /* Frameworks */ = {
			isa = PBXFrameworksBuildPhase;
			buildActionMask = 2147483647;
			files = (
			);
			runOnlyForDeploymentPostprocessing = 0;
		};
/* End PBXFrameworksBuildPhase section */

/* Begin PBXGroup section */
		4386874A28CF870B001CE91C /* broadcast-upload */ = {
			isa = PBXGroup;
			children = (
				4386874B28CF870B001CE91C /* SampleHandler.swift */,
				436CB26F28CF929500F22EE9 /* PixelBufferDuplicator.swift */,
				4386874D28CF870B001CE91C /* Info.plist */,
			);
			path = "broadcast-upload";
			sourceTree = "<group>";
		};
		43BA47A028CF3127009B6E1C = {
			isa = PBXGroup;
			children = (
				43288E8E28CF32F600C75188 /* Packages */,
				43BA47AB28CF3127009B6E1C /* NDIApp */,
				4386874A28CF870B001CE91C /* broadcast-upload */,
				43BA47AA28CF3127009B6E1C /* Products */,
				43FF9B0028CF55ED005D3694 /* Frameworks */,
			);
			sourceTree = "<group>";
		};
		43BA47AA28CF3127009B6E1C /* Products */ = {
			isa = PBXGroup;
			children = (
				43BA47A928CF3127009B6E1C /* NDIApp.app */,
				4386874728CF870B001CE91C /* broadcast-upload.appex */,
			);
			name = Products;
			sourceTree = "<group>";
		};
		43BA47AB28CF3127009B6E1C /* NDIApp */ = {
			isa = PBXGroup;
			children = (
				43BA47AC28CF3127009B6E1C /* NDIApp.swift */,
				43BA47AE28CF3127009B6E1C /* ContentView.swift */,
				43BA47B028CF3128009B6E1C /* Assets.xcassets */,
				43BA47B228CF3128009B6E1C /* Preview Content */,
			);
			path = NDIApp;
			sourceTree = "<group>";
		};
		43BA47B228CF3128009B6E1C /* Preview Content */ = {
			isa = PBXGroup;
			children = (
				43BA47B328CF3128009B6E1C /* Preview Assets.xcassets */,
			);
			path = "Preview Content";
			sourceTree = "<group>";
		};
		43FF9B0028CF55ED005D3694 /* Frameworks */ = {
			isa = PBXGroup;
			children = (
				4370BFCE28CF5C5C001E2A24 /* libndi_ios.a */,
				435CBADC28CF5A150092FFD9 /* libndi_ios.a */,
				4386874828CF870B001CE91C /* ReplayKit.framework */,
			);
			name = Frameworks;
			sourceTree = "<group>";
		};
/* End PBXGroup section */

/* Begin PBXNativeTarget section */
		4386874628CF870B001CE91C /* broadcast-upload */ = {
			isa = PBXNativeTarget;
			buildConfigurationList = 4386875428CF870B001CE91C /* Build configuration list for PBXNativeTarget "broadcast-upload" */;
			buildPhases = (
				4386874328CF870B001CE91C /* Sources */,
				4386874428CF870B001CE91C /* Frameworks */,
				4386874528CF870B001CE91C /* Resources */,
			);
			buildRules = (
			);
			dependencies = (
			);
			name = "broadcast-upload";
			packageProductDependencies = (
				4386875528CF871B001CE91C /* NDI */,
			);
			productName = "broadcast-upload";
			productReference = 4386874728CF870B001CE91C /* broadcast-upload.appex */;
			productType = "com.apple.product-type.app-extension";
		};
		43BA47A828CF3127009B6E1C /* NDIApp */ = {
			isa = PBXNativeTarget;
			buildConfigurationList = 43BA47B728CF3128009B6E1C /* Build configuration list for PBXNativeTarget "NDIApp" */;
			buildPhases = (
				43BA47A528CF3127009B6E1C /* Sources */,
				43BA47A628CF3127009B6E1C /* Frameworks */,
				43BA47A728CF3127009B6E1C /* Resources */,
				4386875128CF870B001CE91C /* Embed Foundation Extensions */,
			);
			buildRules = (
			);
			dependencies = (
				4386874F28CF870B001CE91C /* PBXTargetDependency */,
			);
			name = NDIApp;
			packageProductDependencies = (
			);
			productName = NDI;
			productReference = 43BA47A928CF3127009B6E1C /* NDIApp.app */;
			productType = "com.apple.product-type.application";
		};
/* End PBXNativeTarget section */

/* Begin PBXProject section */
		43BA47A128CF3127009B6E1C /* Project object */ = {
			isa = PBXProject;
			attributes = {
				BuildIndependentTargetsInParallel = 1;
				LastSwiftUpdateCheck = 1400;
				LastUpgradeCheck = 1400;
				TargetAttributes = {
					4386874628CF870B001CE91C = {
						CreatedOnToolsVersion = 14.0;
					};
					43BA47A828CF3127009B6E1C = {
						CreatedOnToolsVersion = 14.0;
					};
				};
			};
			buildConfigurationList = 43BA47A428CF3127009B6E1C /* Build configuration list for PBXProject "NDIApp" */;
			compatibilityVersion = "Xcode 14.0";
			developmentRegion = en;
			hasScannedForEncodings = 0;
			knownRegions = (
				en,
				Base,
			);
			mainGroup = 43BA47A028CF3127009B6E1C;
			productRefGroup = 43BA47AA28CF3127009B6E1C /* Products */;
			projectDirPath = "";
			projectRoot = "";
			targets = (
				43BA47A828CF3127009B6E1C /* NDIApp */,
				4386874628CF870B001CE91C /* broadcast-upload */,
			);
		};
/* End PBXProject section */

/* Begin PBXResourcesBuildPhase section */
		4386874528CF870B001CE91C /* Resources */ = {
			isa = PBXResourcesBuildPhase;
			buildActionMask = 2147483647;
			files = (
			);
			runOnlyForDeploymentPostprocessing = 0;
		};
		43BA47A728CF3127009B6E1C /* Resources */ = {
			isa = PBXResourcesBuildPhase;
			buildActionMask = 2147483647;
			files = (
				43BA47B428CF3128009B6E1C /* Preview Assets.xcassets in Resources */,
				43BA47B128CF3128009B6E1C /* Assets.xcassets in Resources */,
			);
			runOnlyForDeploymentPostprocessing = 0;
		};
/* End PBXResourcesBuildPhase section */

/* Begin PBXSourcesBuildPhase section */
		4386874328CF870B001CE91C /* Sources */ = {
			isa = PBXSourcesBuildPhase;
			buildActionMask = 2147483647;
			files = (
				4386874C28CF870B001CE91C /* SampleHandler.swift in Sources */,
				436CB27028CF929500F22EE9 /* PixelBufferDuplicator.swift in Sources */,
			);
			runOnlyForDeploymentPostprocessing = 0;
		};
		43BA47A528CF3127009B6E1C /* Sources */ = {
			isa = PBXSourcesBuildPhase;
			buildActionMask = 2147483647;
			files = (
				43BA47AF28CF3127009B6E1C /* ContentView.swift in Sources */,
				43BA47AD28CF3127009B6E1C /* NDIApp.swift in Sources */,
			);
			runOnlyForDeploymentPostprocessing = 0;
		};
/* End PBXSourcesBuildPhase section */

/* Begin PBXTargetDependency section */
		4386874F28CF870B001CE91C /* PBXTargetDependency */ = {
			isa = PBXTargetDependency;
			target = 4386874628CF870B001CE91C /* broadcast-upload */;
			targetProxy = 4386874E28CF870B001CE91C /* PBXContainerItemProxy */;
		};
/* End PBXTargetDependency section */

/* Begin XCBuildConfiguration section */
		4386875228CF870B001CE91C /* Debug */ = {
			isa = XCBuildConfiguration;
			buildSettings = {
				CODE_SIGN_STYLE = Automatic;
				CURRENT_PROJECT_VERSION = 1;
				DEVELOPMENT_TEAM = QTG7MUN42X;
				GENERATE_INFOPLIST_FILE = YES;
				INFOPLIST_FILE = "broadcast-upload/Info.plist";
				INFOPLIST_KEY_CFBundleDisplayName = "ndi-broadcast";
				INFOPLIST_KEY_NSHumanReadableCopyright = "";
				LD_RUNPATH_SEARCH_PATHS = (
					"$(inherited)",
					"@executable_path/Frameworks",
					"@executable_path/../../Frameworks",
				);
				MARKETING_VERSION = 1.0;
				PRODUCT_BUNDLE_IDENTIFIER = "com.jpn.naru.NDIApp.broadcast-upload";
				PRODUCT_NAME = "$(TARGET_NAME)";
				SKIP_INSTALL = YES;
				SWIFT_EMIT_LOC_STRINGS = YES;
				SWIFT_VERSION = 5.0;
				TARGETED_DEVICE_FAMILY = "1,2";
			};
			name = Debug;
		};
		4386875328CF870B001CE91C /* Release */ = {
			isa = XCBuildConfiguration;
			buildSettings = {
				CODE_SIGN_STYLE = Automatic;
				CURRENT_PROJECT_VERSION = 1;
				DEVELOPMENT_TEAM = QTG7MUN42X;
				GENERATE_INFOPLIST_FILE = YES;
				INFOPLIST_FILE = "broadcast-upload/Info.plist";
				INFOPLIST_KEY_CFBundleDisplayName = "ndi-broadcast";
				INFOPLIST_KEY_NSHumanReadableCopyright = "";
				LD_RUNPATH_SEARCH_PATHS = (
					"$(inherited)",
					"@executable_path/Frameworks",
					"@executable_path/../../Frameworks",
				);
				MARKETING_VERSION = 1.0;
				PRODUCT_BUNDLE_IDENTIFIER = "com.jpn.naru.NDIApp.broadcast-upload";
				PRODUCT_NAME = "$(TARGET_NAME)";
				SKIP_INSTALL = YES;
				SWIFT_EMIT_LOC_STRINGS = YES;
				SWIFT_VERSION = 5.0;
				TARGETED_DEVICE_FAMILY = "1,2";
			};
			name = Release;
		};
		43BA47B528CF3128009B6E1C /* Debug */ = {
			isa = XCBuildConfiguration;
			buildSettings = {
				ALWAYS_SEARCH_USER_PATHS = NO;
				CLANG_ANALYZER_NONNULL = YES;
				CLANG_ANALYZER_NUMBER_OBJECT_CONVERSION = YES_AGGRESSIVE;
				CLANG_CXX_LANGUAGE_STANDARD = "gnu++20";
				CLANG_ENABLE_MODULES = YES;
				CLANG_ENABLE_OBJC_ARC = YES;
				CLANG_ENABLE_OBJC_WEAK = YES;
				CLANG_WARN_BLOCK_CAPTURE_AUTORELEASING = YES;
				CLANG_WARN_BOOL_CONVERSION = YES;
				CLANG_WARN_COMMA = YES;
				CLANG_WARN_CONSTANT_CONVERSION = YES;
				CLANG_WARN_DEPRECATED_OBJC_IMPLEMENTATIONS = YES;
				CLANG_WARN_DIRECT_OBJC_ISA_USAGE = YES_ERROR;
				CLANG_WARN_DOCUMENTATION_COMMENTS = YES;
				CLANG_WARN_EMPTY_BODY = YES;
				CLANG_WARN_ENUM_CONVERSION = YES;
				CLANG_WARN_INFINITE_RECURSION = YES;
				CLANG_WARN_INT_CONVERSION = YES;
				CLANG_WARN_NON_LITERAL_NULL_CONVERSION = YES;
				CLANG_WARN_OBJC_IMPLICIT_RETAIN_SELF = YES;
				CLANG_WARN_OBJC_LITERAL_CONVERSION = YES;
				CLANG_WARN_OBJC_ROOT_CLASS = YES_ERROR;
				CLANG_WARN_QUOTED_INCLUDE_IN_FRAMEWORK_HEADER = YES;
				CLANG_WARN_RANGE_LOOP_ANALYSIS = YES;
				CLANG_WARN_STRICT_PROTOTYPES = YES;
				CLANG_WARN_SUSPICIOUS_MOVE = YES;
				CLANG_WARN_UNGUARDED_AVAILABILITY = YES_AGGRESSIVE;
				CLANG_WARN_UNREACHABLE_CODE = YES;
				CLANG_WARN__DUPLICATE_METHOD_MATCH = YES;
				COPY_PHASE_STRIP = NO;
				DEBUG_INFORMATION_FORMAT = dwarf;
				ENABLE_STRICT_OBJC_MSGSEND = YES;
				ENABLE_TESTABILITY = YES;
				GCC_C_LANGUAGE_STANDARD = gnu11;
				GCC_DYNAMIC_NO_PIC = NO;
				GCC_NO_COMMON_BLOCKS = YES;
				GCC_OPTIMIZATION_LEVEL = 0;
				GCC_PREPROCESSOR_DEFINITIONS = (
					"DEBUG=1",
					"$(inherited)",
				);
				GCC_WARN_64_TO_32_BIT_CONVERSION = YES;
				GCC_WARN_ABOUT_RETURN_TYPE = YES_ERROR;
				GCC_WARN_UNDECLARED_SELECTOR = YES;
				GCC_WARN_UNINITIALIZED_AUTOS = YES_AGGRESSIVE;
				GCC_WARN_UNUSED_FUNCTION = YES;
				GCC_WARN_UNUSED_VARIABLE = YES;
				IPHONEOS_DEPLOYMENT_TARGET = 16.0;
				MTL_ENABLE_DEBUG_INFO = INCLUDE_SOURCE;
				MTL_FAST_MATH = YES;
				ONLY_ACTIVE_ARCH = YES;
				SDKROOT = iphoneos;
				SWIFT_ACTIVE_COMPILATION_CONDITIONS = DEBUG;
				SWIFT_OPTIMIZATION_LEVEL = "-Onone";
			};
			name = Debug;
		};
		43BA47B628CF3128009B6E1C /* Release */ = {
			isa = XCBuildConfiguration;
			buildSettings = {
				ALWAYS_SEARCH_USER_PATHS = NO;
				CLANG_ANALYZER_NONNULL = YES;
				CLANG_ANALYZER_NUMBER_OBJECT_CONVERSION = YES_AGGRESSIVE;
				CLANG_CXX_LANGUAGE_STANDARD = "gnu++20";
				CLANG_ENABLE_MODULES = YES;
				CLANG_ENABLE_OBJC_ARC = YES;
				CLANG_ENABLE_OBJC_WEAK = YES;
				CLANG_WARN_BLOCK_CAPTURE_AUTORELEASING = YES;
				CLANG_WARN_BOOL_CONVERSION = YES;
				CLANG_WARN_COMMA = YES;
				CLANG_WARN_CONSTANT_CONVERSION = YES;
				CLANG_WARN_DEPRECATED_OBJC_IMPLEMENTATIONS = YES;
				CLANG_WARN_DIRECT_OBJC_ISA_USAGE = YES_ERROR;
				CLANG_WARN_DOCUMENTATION_COMMENTS = YES;
				CLANG_WARN_EMPTY_BODY = YES;
				CLANG_WARN_ENUM_CONVERSION = YES;
				CLANG_WARN_INFINITE_RECURSION = YES;
				CLANG_WARN_INT_CONVERSION = YES;
				CLANG_WARN_NON_LITERAL_NULL_CONVERSION = YES;
				CLANG_WARN_OBJC_IMPLICIT_RETAIN_SELF = YES;
				CLANG_WARN_OBJC_LITERAL_CONVERSION = YES;
				CLANG_WARN_OBJC_ROOT_CLASS = YES_ERROR;
				CLANG_WARN_QUOTED_INCLUDE_IN_FRAMEWORK_HEADER = YES;
				CLANG_WARN_RANGE_LOOP_ANALYSIS = YES;
				CLANG_WARN_STRICT_PROTOTYPES = YES;
				CLANG_WARN_SUSPICIOUS_MOVE = YES;
				CLANG_WARN_UNGUARDED_AVAILABILITY = YES_AGGRESSIVE;
				CLANG_WARN_UNREACHABLE_CODE = YES;
				CLANG_WARN__DUPLICATE_METHOD_MATCH = YES;
				COPY_PHASE_STRIP = NO;
				DEBUG_INFORMATION_FORMAT = "dwarf-with-dsym";
				ENABLE_NS_ASSERTIONS = NO;
				ENABLE_STRICT_OBJC_MSGSEND = YES;
				GCC_C_LANGUAGE_STANDARD = gnu11;
				GCC_NO_COMMON_BLOCKS = YES;
				GCC_WARN_64_TO_32_BIT_CONVERSION = YES;
				GCC_WARN_ABOUT_RETURN_TYPE = YES_ERROR;
				GCC_WARN_UNDECLARED_SELECTOR = YES;
				GCC_WARN_UNINITIALIZED_AUTOS = YES_AGGRESSIVE;
				GCC_WARN_UNUSED_FUNCTION = YES;
				GCC_WARN_UNUSED_VARIABLE = YES;
				IPHONEOS_DEPLOYMENT_TARGET = 16.0;
				MTL_ENABLE_DEBUG_INFO = NO;
				MTL_FAST_MATH = YES;
				SDKROOT = iphoneos;
				SWIFT_COMPILATION_MODE = wholemodule;
				SWIFT_OPTIMIZATION_LEVEL = "-O";
				VALIDATE_PRODUCT = YES;
			};
			name = Release;
		};
		43BA47B828CF3128009B6E1C /* Debug */ = {
			isa = XCBuildConfiguration;
			buildSettings = {
				ALWAYS_EMBED_SWIFT_STANDARD_LIBRARIES = YES;
				ASSETCATALOG_COMPILER_APPICON_NAME = AppIcon;
				ASSETCATALOG_COMPILER_GLOBAL_ACCENT_COLOR_NAME = AccentColor;
				CODE_SIGN_STYLE = Automatic;
				CURRENT_PROJECT_VERSION = 1;
				DEVELOPMENT_ASSET_PATHS = "";
				DEVELOPMENT_TEAM = QTG7MUN42X;
				ENABLE_PREVIEWS = YES;
				GENERATE_INFOPLIST_FILE = YES;
				INFOPLIST_KEY_UIApplicationSceneManifest_Generation = YES;
				INFOPLIST_KEY_UIApplicationSupportsIndirectInputEvents = YES;
				INFOPLIST_KEY_UILaunchScreen_Generation = YES;
				INFOPLIST_KEY_UISupportedInterfaceOrientations_iPad = "UIInterfaceOrientationPortrait UIInterfaceOrientationPortraitUpsideDown UIInterfaceOrientationLandscapeLeft UIInterfaceOrientationLandscapeRight";
				INFOPLIST_KEY_UISupportedInterfaceOrientations_iPhone = "UIInterfaceOrientationPortrait UIInterfaceOrientationLandscapeLeft UIInterfaceOrientationLandscapeRight";
				LD_RUNPATH_SEARCH_PATHS = (
					"$(inherited)",
					"@executable_path/Frameworks",
				);
				MARKETING_VERSION = 1.0;
				PRODUCT_BUNDLE_IDENTIFIER = com.jpn.naru.NDIApp;
				PRODUCT_NAME = "$(TARGET_NAME)";
				SWIFT_EMIT_LOC_STRINGS = YES;
				SWIFT_VERSION = 5.0;
				TARGETED_DEVICE_FAMILY = "1,2";
			};
			name = Debug;
		};
		43BA47B928CF3128009B6E1C /* Release */ = {
			isa = XCBuildConfiguration;
			buildSettings = {
				ALWAYS_EMBED_SWIFT_STANDARD_LIBRARIES = YES;
				ASSETCATALOG_COMPILER_APPICON_NAME = AppIcon;
				ASSETCATALOG_COMPILER_GLOBAL_ACCENT_COLOR_NAME = AccentColor;
				CODE_SIGN_STYLE = Automatic;
				CURRENT_PROJECT_VERSION = 1;
				DEVELOPMENT_ASSET_PATHS = "";
				DEVELOPMENT_TEAM = QTG7MUN42X;
				ENABLE_PREVIEWS = YES;
				GENERATE_INFOPLIST_FILE = YES;
				INFOPLIST_KEY_UIApplicationSceneManifest_Generation = YES;
				INFOPLIST_KEY_UIApplicationSupportsIndirectInputEvents = YES;
				INFOPLIST_KEY_UILaunchScreen_Generation = YES;
				INFOPLIST_KEY_UISupportedInterfaceOrientations_iPad = "UIInterfaceOrientationPortrait UIInterfaceOrientationPortraitUpsideDown UIInterfaceOrientationLandscapeLeft UIInterfaceOrientationLandscapeRight";
				INFOPLIST_KEY_UISupportedInterfaceOrientations_iPhone = "UIInterfaceOrientationPortrait UIInterfaceOrientationLandscapeLeft UIInterfaceOrientationLandscapeRight";
				LD_RUNPATH_SEARCH_PATHS = (
					"$(inherited)",
					"@executable_path/Frameworks",
				);
				MARKETING_VERSION = 1.0;
				PRODUCT_BUNDLE_IDENTIFIER = com.jpn.naru.NDIApp;
				PRODUCT_NAME = "$(TARGET_NAME)";
				SWIFT_EMIT_LOC_STRINGS = YES;
				SWIFT_VERSION = 5.0;
				TARGETED_DEVICE_FAMILY = "1,2";
			};
			name = Release;
		};
/* End XCBuildConfiguration section */

/* Begin XCConfigurationList section */
		4386875428CF870B001CE91C /* Build configuration list for PBXNativeTarget "broadcast-upload" */ = {
			isa = XCConfigurationList;
			buildConfigurations = (
				4386875228CF870B001CE91C /* Debug */,
				4386875328CF870B001CE91C /* Release */,
			);
			defaultConfigurationIsVisible = 0;
			defaultConfigurationName = Release;
		};
		43BA47A428CF3127009B6E1C /* Build configuration list for PBXProject "NDIApp" */ = {
			isa = XCConfigurationList;
			buildConfigurations = (
				43BA47B528CF3128009B6E1C /* Debug */,
				43BA47B628CF3128009B6E1C /* Release */,
			);
			defaultConfigurationIsVisible = 0;
			defaultConfigurationName = Release;
		};
		43BA47B728CF3128009B6E1C /* Build configuration list for PBXNativeTarget "NDIApp" */ = {
			isa = XCConfigurationList;
			buildConfigurations = (
				43BA47B828CF3128009B6E1C /* Debug */,
				43BA47B928CF3128009B6E1C /* Release */,
			);
			defaultConfigurationIsVisible = 0;
			defaultConfigurationName = Release;
		};
/* End XCConfigurationList section */

/* Begin XCSwiftPackageProductDependency section */
		4386875528CF871B001CE91C /* NDI */ = {
			isa = XCSwiftPackageProductDependency;
			productName = NDI;
		};
/* End XCSwiftPackageProductDependency section */
	};
	rootObject = 43BA47A128CF3127009B6E1C /* Project object */;
}
